// !$*UTF8*$!
{
	archiveVersion = 1;
	classes = {
	};
	objectVersion = 50;
	objects = {

/* Begin PBXBuildFile section */
		15442D2C20D92C9A00DB7488 /* level_bravo_0000.png in Resources */ = {isa = PBXBuildFile; fileRef = 15442CD920D92C9A00DB7488 /* level_bravo_0000.png */; };
		15442D2D20D92C9A00DB7488 /* level_bravo_0014.png in Resources */ = {isa = PBXBuildFile; fileRef = 15442CDA20D92C9A00DB7488 /* level_bravo_0014.png */; };
		15442D2E20D92C9A00DB7488 /* level_bravo_0015.png in Resources */ = {isa = PBXBuildFile; fileRef = 15442CDB20D92C9A00DB7488 /* level_bravo_0015.png */; };
		15442D2F20D92C9A00DB7488 /* level_bravo_0001.png in Resources */ = {isa = PBXBuildFile; fileRef = 15442CDC20D92C9A00DB7488 /* level_bravo_0001.png */; };
		15442D3020D92C9A00DB7488 /* level_bravo_0017.png in Resources */ = {isa = PBXBuildFile; fileRef = 15442CDD20D92C9A00DB7488 /* level_bravo_0017.png */; };
		15442D3120D92C9A00DB7488 /* level_bravo_0003.png in Resources */ = {isa = PBXBuildFile; fileRef = 15442CDE20D92C9A00DB7488 /* level_bravo_0003.png */; };
		15442D3220D92C9A00DB7488 /* level_bravo_0002.png in Resources */ = {isa = PBXBuildFile; fileRef = 15442CDF20D92C9A00DB7488 /* level_bravo_0002.png */; };
		15442D3320D92C9A00DB7488 /* level_bravo_0016.png in Resources */ = {isa = PBXBuildFile; fileRef = 15442CE020D92C9A00DB7488 /* level_bravo_0016.png */; };
		15442D3420D92C9A00DB7488 /* level_bravo_0012.png in Resources */ = {isa = PBXBuildFile; fileRef = 15442CE120D92C9A00DB7488 /* level_bravo_0012.png */; };
		15442D3520D92C9A00DB7488 /* level_bravo_0006.png in Resources */ = {isa = PBXBuildFile; fileRef = 15442CE220D92C9A00DB7488 /* level_bravo_0006.png */; };
		15442D3620D92C9A00DB7488 /* level_bravo_0007.png in Resources */ = {isa = PBXBuildFile; fileRef = 15442CE320D92C9A00DB7488 /* level_bravo_0007.png */; };
		15442D3720D92C9A00DB7488 /* level_bravo_0013.png in Resources */ = {isa = PBXBuildFile; fileRef = 15442CE420D92C9A00DB7488 /* level_bravo_0013.png */; };
		15442D3820D92C9A00DB7488 /* level_bravo_0005.png in Resources */ = {isa = PBXBuildFile; fileRef = 15442CE520D92C9A00DB7488 /* level_bravo_0005.png */; };
		15442D3920D92C9A00DB7488 /* level_bravo_0011.png in Resources */ = {isa = PBXBuildFile; fileRef = 15442CE620D92C9A00DB7488 /* level_bravo_0011.png */; };
		15442D3A20D92C9A00DB7488 /* level_bravo_0010.png in Resources */ = {isa = PBXBuildFile; fileRef = 15442CE720D92C9A00DB7488 /* level_bravo_0010.png */; };
		15442D3B20D92C9A00DB7488 /* level_bravo_0004.png in Resources */ = {isa = PBXBuildFile; fileRef = 15442CE820D92C9A00DB7488 /* level_bravo_0004.png */; };
		15442D3C20D92C9A00DB7488 /* level_bravo_0021.png in Resources */ = {isa = PBXBuildFile; fileRef = 15442CE920D92C9A00DB7488 /* level_bravo_0021.png */; };
		15442D3D20D92C9A00DB7488 /* level_bravo_0009.png in Resources */ = {isa = PBXBuildFile; fileRef = 15442CEA20D92C9A00DB7488 /* level_bravo_0009.png */; };
		15442D3E20D92C9A00DB7488 /* level_bravo_0008.png in Resources */ = {isa = PBXBuildFile; fileRef = 15442CEB20D92C9A00DB7488 /* level_bravo_0008.png */; };
		15442D3F20D92C9A00DB7488 /* level_bravo_0020.png in Resources */ = {isa = PBXBuildFile; fileRef = 15442CEC20D92C9A00DB7488 /* level_bravo_0020.png */; };
		15442D4020D92C9A00DB7488 /* level_bravo_0022.png in Resources */ = {isa = PBXBuildFile; fileRef = 15442CED20D92C9A00DB7488 /* level_bravo_0022.png */; };
		15442D4120D92C9A00DB7488 /* level_bravo_0023.png in Resources */ = {isa = PBXBuildFile; fileRef = 15442CEE20D92C9A00DB7488 /* level_bravo_0023.png */; };
		15442D4220D92C9A00DB7488 /* level_bravo_0026.png in Resources */ = {isa = PBXBuildFile; fileRef = 15442CEF20D92C9A00DB7488 /* level_bravo_0026.png */; };
		15442D4320D92C9A00DB7488 /* level_bravo_0018.png in Resources */ = {isa = PBXBuildFile; fileRef = 15442CF020D92C9A00DB7488 /* level_bravo_0018.png */; };
		15442D4420D92C9A00DB7488 /* level_bravo_0024.png in Resources */ = {isa = PBXBuildFile; fileRef = 15442CF120D92C9A00DB7488 /* level_bravo_0024.png */; };
		15442D4520D92C9A00DB7488 /* level_bravo_0025.png in Resources */ = {isa = PBXBuildFile; fileRef = 15442CF220D92C9A00DB7488 /* level_bravo_0025.png */; };
		15442D4620D92C9A00DB7488 /* level_bravo_0019.png in Resources */ = {isa = PBXBuildFile; fileRef = 15442CF320D92C9A00DB7488 /* level_bravo_0019.png */; };
		15442D4720D92C9A00DB7488 /* frame-4.gif in Resources */ = {isa = PBXBuildFile; fileRef = 15442CF520D92C9A00DB7488 /* frame-4.gif */; };
		15442D4820D92C9A00DB7488 /* frame-2.gif in Resources */ = {isa = PBXBuildFile; fileRef = 15442CF620D92C9A00DB7488 /* frame-2.gif */; };
		15442D4920D92C9A00DB7488 /* frame-3.gif in Resources */ = {isa = PBXBuildFile; fileRef = 15442CF720D92C9A00DB7488 /* frame-3.gif */; };
		15442D4A20D92C9A00DB7488 /* frame-1.gif in Resources */ = {isa = PBXBuildFile; fileRef = 15442CF820D92C9A00DB7488 /* frame-1.gif */; };
		15442D4B20D92C9A00DB7488 /* frame-03.gif in Resources */ = {isa = PBXBuildFile; fileRef = 15442CFA20D92C9A00DB7488 /* frame-03.gif */; };
		15442D4C20D92C9A00DB7488 /* frame-17.gif in Resources */ = {isa = PBXBuildFile; fileRef = 15442CFB20D92C9A00DB7488 /* frame-17.gif */; };
		15442D4D20D92C9A00DB7488 /* frame-16.gif in Resources */ = {isa = PBXBuildFile; fileRef = 15442CFC20D92C9A00DB7488 /* frame-16.gif */; };
		15442D4E20D92C9A00DB7488 /* frame-02.gif in Resources */ = {isa = PBXBuildFile; fileRef = 15442CFD20D92C9A00DB7488 /* frame-02.gif */; };
		15442D4F20D92C9A00DB7488 /* frame-14.gif in Resources */ = {isa = PBXBuildFile; fileRef = 15442CFE20D92C9A00DB7488 /* frame-14.gif */; };
		15442D5020D92C9A00DB7488 /* frame-01.gif in Resources */ = {isa = PBXBuildFile; fileRef = 15442CFF20D92C9A00DB7488 /* frame-01.gif */; };
		15442D5120D92C9A00DB7488 /* frame-15.gif in Resources */ = {isa = PBXBuildFile; fileRef = 15442D0020D92C9A00DB7488 /* frame-15.gif */; };
		15442D5220D92C9A00DB7488 /* frame-11.gif in Resources */ = {isa = PBXBuildFile; fileRef = 15442D0120D92C9A00DB7488 /* frame-11.gif */; };
		15442D5320D92C9A00DB7488 /* frame-05.gif in Resources */ = {isa = PBXBuildFile; fileRef = 15442D0220D92C9A00DB7488 /* frame-05.gif */; };
		15442D5420D92C9A00DB7488 /* frame-04.gif in Resources */ = {isa = PBXBuildFile; fileRef = 15442D0320D92C9A00DB7488 /* frame-04.gif */; };
		15442D5520D92C9A00DB7488 /* frame-10.gif in Resources */ = {isa = PBXBuildFile; fileRef = 15442D0420D92C9A00DB7488 /* frame-10.gif */; };
		15442D5620D92C9A00DB7488 /* frame-06.gif in Resources */ = {isa = PBXBuildFile; fileRef = 15442D0520D92C9A00DB7488 /* frame-06.gif */; };
		15442D5720D92C9A00DB7488 /* frame-12.gif in Resources */ = {isa = PBXBuildFile; fileRef = 15442D0620D92C9A00DB7488 /* frame-12.gif */; };
		15442D5820D92C9A00DB7488 /* frame-13.gif in Resources */ = {isa = PBXBuildFile; fileRef = 15442D0720D92C9A00DB7488 /* frame-13.gif */; };
		15442D5920D92C9A00DB7488 /* frame-07.gif in Resources */ = {isa = PBXBuildFile; fileRef = 15442D0820D92C9A00DB7488 /* frame-07.gif */; };
		15442D5A20D92C9A00DB7488 /* frame-22.gif in Resources */ = {isa = PBXBuildFile; fileRef = 15442D0920D92C9A00DB7488 /* frame-22.gif */; };
		15442D5B20D92C9A00DB7488 /* frame-09.gif in Resources */ = {isa = PBXBuildFile; fileRef = 15442D0A20D92C9A00DB7488 /* frame-09.gif */; };
		15442D5C20D92C9A00DB7488 /* frame-21.gif in Resources */ = {isa = PBXBuildFile; fileRef = 15442D0B20D92C9A00DB7488 /* frame-21.gif */; };
		15442D5D20D92C9A00DB7488 /* frame-20.gif in Resources */ = {isa = PBXBuildFile; fileRef = 15442D0C20D92C9A00DB7488 /* frame-20.gif */; };
		15442D5E20D92C9A00DB7488 /* frame-08.gif in Resources */ = {isa = PBXBuildFile; fileRef = 15442D0D20D92C9A00DB7488 /* frame-08.gif */; };
		15442D5F20D92C9A00DB7488 /* frame-18.gif in Resources */ = {isa = PBXBuildFile; fileRef = 15442D0E20D92C9A00DB7488 /* frame-18.gif */; };
		15442D6020D92C9A00DB7488 /* frame-19.gif in Resources */ = {isa = PBXBuildFile; fileRef = 15442D0F20D92C9A00DB7488 /* frame-19.gif */; };
		15442D6120D92C9A00DB7488 /* frame-03.gif in Resources */ = {isa = PBXBuildFile; fileRef = 15442D1120D92C9A00DB7488 /* frame-03.gif */; };
		15442D6220D92C9A00DB7488 /* frame-17.gif in Resources */ = {isa = PBXBuildFile; fileRef = 15442D1220D92C9A00DB7488 /* frame-17.gif */; };
		15442D6320D92C9A00DB7488 /* frame-16.gif in Resources */ = {isa = PBXBuildFile; fileRef = 15442D1320D92C9A00DB7488 /* frame-16.gif */; };
		15442D6420D92C9A00DB7488 /* frame-02.gif in Resources */ = {isa = PBXBuildFile; fileRef = 15442D1420D92C9A00DB7488 /* frame-02.gif */; };
		15442D6520D92C9A00DB7488 /* frame-14.gif in Resources */ = {isa = PBXBuildFile; fileRef = 15442D1520D92C9A00DB7488 /* frame-14.gif */; };
		15442D6620D92C9A00DB7488 /* frame-01.gif in Resources */ = {isa = PBXBuildFile; fileRef = 15442D1620D92C9A00DB7488 /* frame-01.gif */; };
		15442D6720D92C9A00DB7488 /* frame-15.gif in Resources */ = {isa = PBXBuildFile; fileRef = 15442D1720D92C9A00DB7488 /* frame-15.gif */; };
		15442D6820D92C9A00DB7488 /* frame-11.gif in Resources */ = {isa = PBXBuildFile; fileRef = 15442D1820D92C9A00DB7488 /* frame-11.gif */; };
		15442D6920D92C9A00DB7488 /* frame-05.gif in Resources */ = {isa = PBXBuildFile; fileRef = 15442D1920D92C9A00DB7488 /* frame-05.gif */; };
		15442D6A20D92C9A00DB7488 /* frame-04.gif in Resources */ = {isa = PBXBuildFile; fileRef = 15442D1A20D92C9A00DB7488 /* frame-04.gif */; };
		15442D6B20D92C9A00DB7488 /* frame-10.gif in Resources */ = {isa = PBXBuildFile; fileRef = 15442D1B20D92C9A00DB7488 /* frame-10.gif */; };
		15442D6C20D92C9A00DB7488 /* frame-06.gif in Resources */ = {isa = PBXBuildFile; fileRef = 15442D1C20D92C9A00DB7488 /* frame-06.gif */; };
		15442D6D20D92C9A00DB7488 /* frame-12.gif in Resources */ = {isa = PBXBuildFile; fileRef = 15442D1D20D92C9A00DB7488 /* frame-12.gif */; };
		15442D6E20D92C9A00DB7488 /* frame-13.gif in Resources */ = {isa = PBXBuildFile; fileRef = 15442D1E20D92C9A00DB7488 /* frame-13.gif */; };
		15442D6F20D92C9A00DB7488 /* frame-07.gif in Resources */ = {isa = PBXBuildFile; fileRef = 15442D1F20D92C9A00DB7488 /* frame-07.gif */; };
		15442D7020D92C9A00DB7488 /* frame-22.gif in Resources */ = {isa = PBXBuildFile; fileRef = 15442D2020D92C9A00DB7488 /* frame-22.gif */; };
		15442D7120D92C9A00DB7488 /* frame-23.gif in Resources */ = {isa = PBXBuildFile; fileRef = 15442D2120D92C9A00DB7488 /* frame-23.gif */; };
		15442D7220D92C9A00DB7488 /* frame-09.gif in Resources */ = {isa = PBXBuildFile; fileRef = 15442D2220D92C9A00DB7488 /* frame-09.gif */; };
		15442D7320D92C9A00DB7488 /* frame-21.gif in Resources */ = {isa = PBXBuildFile; fileRef = 15442D2320D92C9A00DB7488 /* frame-21.gif */; };
		15442D7420D92C9A00DB7488 /* frame-20.gif in Resources */ = {isa = PBXBuildFile; fileRef = 15442D2420D92C9A00DB7488 /* frame-20.gif */; };
		15442D7520D92C9A00DB7488 /* frame-08.gif in Resources */ = {isa = PBXBuildFile; fileRef = 15442D2520D92C9A00DB7488 /* frame-08.gif */; };
		15442D7620D92C9A00DB7488 /* frame-24.gif in Resources */ = {isa = PBXBuildFile; fileRef = 15442D2620D92C9A00DB7488 /* frame-24.gif */; };
		15442D7720D92C9A00DB7488 /* frame-18.gif in Resources */ = {isa = PBXBuildFile; fileRef = 15442D2720D92C9A00DB7488 /* frame-18.gif */; };
		15442D7820D92C9A00DB7488 /* frame-19.gif in Resources */ = {isa = PBXBuildFile; fileRef = 15442D2820D92C9A00DB7488 /* frame-19.gif */; };
		15442D7920D92C9A00DB7488 /* frame-25.gif in Resources */ = {isa = PBXBuildFile; fileRef = 15442D2920D92C9A00DB7488 /* frame-25.gif */; };
		15442D7A20D92C9A00DB7488 /* frame-27.gif in Resources */ = {isa = PBXBuildFile; fileRef = 15442D2A20D92C9A00DB7488 /* frame-27.gif */; };
		15442D7B20D92C9A00DB7488 /* frame-26.gif in Resources */ = {isa = PBXBuildFile; fileRef = 15442D2B20D92C9A00DB7488 /* frame-26.gif */; };
		F93BAC8120D928FF00EEDB76 /* AppDelegate.swift in Sources */ = {isa = PBXBuildFile; fileRef = F93BAC8020D928FF00EEDB76 /* AppDelegate.swift */; };
		F93BAC8320D928FF00EEDB76 /* GameScene.sks in Resources */ = {isa = PBXBuildFile; fileRef = F93BAC8220D928FF00EEDB76 /* GameScene.sks */; };
		F93BAC8520D928FF00EEDB76 /* Actions.sks in Resources */ = {isa = PBXBuildFile; fileRef = F93BAC8420D928FF00EEDB76 /* Actions.sks */; };
		F93BAC8720D928FF00EEDB76 /* GameScene.swift in Sources */ = {isa = PBXBuildFile; fileRef = F93BAC8620D928FF00EEDB76 /* GameScene.swift */; };
		F93BAC8920D928FF00EEDB76 /* GameViewController.swift in Sources */ = {isa = PBXBuildFile; fileRef = F93BAC8820D928FF00EEDB76 /* GameViewController.swift */; };
		F93BAC8C20D928FF00EEDB76 /* Main.storyboard in Resources */ = {isa = PBXBuildFile; fileRef = F93BAC8A20D928FF00EEDB76 /* Main.storyboard */; };
		F93BAC8E20D9290000EEDB76 /* Assets.xcassets in Resources */ = {isa = PBXBuildFile; fileRef = F93BAC8D20D9290000EEDB76 /* Assets.xcassets */; };
		F93BAC9120D9290000EEDB76 /* LaunchScreen.storyboard in Resources */ = {isa = PBXBuildFile; fileRef = F93BAC8F20D9290000EEDB76 /* LaunchScreen.storyboard */; };
		F93BAC9920D92A9E00EEDB76 /* music.mp3 in Resources */ = {isa = PBXBuildFile; fileRef = F93BAC9820D92A9E00EEDB76 /* music.mp3 */; };
/* End PBXBuildFile section */

/* Begin PBXFileReference section */
		15442CD920D92C9A00DB7488 /* level_bravo_0000.png */ = {isa = PBXFileReference; lastKnownFileType = image.png; path = level_bravo_0000.png; sourceTree = "<group>"; };
		15442CDA20D92C9A00DB7488 /* level_bravo_0014.png */ = {isa = PBXFileReference; lastKnownFileType = image.png; path = level_bravo_0014.png; sourceTree = "<group>"; };
		15442CDB20D92C9A00DB7488 /* level_bravo_0015.png */ = {isa = PBXFileReference; lastKnownFileType = image.png; path = level_bravo_0015.png; sourceTree = "<group>"; };
		15442CDC20D92C9A00DB7488 /* level_bravo_0001.png */ = {isa = PBXFileReference; lastKnownFileType = image.png; path = level_bravo_0001.png; sourceTree = "<group>"; };
		15442CDD20D92C9A00DB7488 /* level_bravo_0017.png */ = {isa = PBXFileReference; lastKnownFileType = image.png; path = level_bravo_0017.png; sourceTree = "<group>"; };
		15442CDE20D92C9A00DB7488 /* level_bravo_0003.png */ = {isa = PBXFileReference; lastKnownFileType = image.png; path = level_bravo_0003.png; sourceTree = "<group>"; };
		15442CDF20D92C9A00DB7488 /* level_bravo_0002.png */ = {isa = PBXFileReference; lastKnownFileType = image.png; path = level_bravo_0002.png; sourceTree = "<group>"; };
		15442CE020D92C9A00DB7488 /* level_bravo_0016.png */ = {isa = PBXFileReference; lastKnownFileType = image.png; path = level_bravo_0016.png; sourceTree = "<group>"; };
		15442CE120D92C9A00DB7488 /* level_bravo_0012.png */ = {isa = PBXFileReference; lastKnownFileType = image.png; path = level_bravo_0012.png; sourceTree = "<group>"; };
		15442CE220D92C9A00DB7488 /* level_bravo_0006.png */ = {isa = PBXFileReference; lastKnownFileType = image.png; path = level_bravo_0006.png; sourceTree = "<group>"; };
		15442CE320D92C9A00DB7488 /* level_bravo_0007.png */ = {isa = PBXFileReference; lastKnownFileType = image.png; path = level_bravo_0007.png; sourceTree = "<group>"; };
		15442CE420D92C9A00DB7488 /* level_bravo_0013.png */ = {isa = PBXFileReference; lastKnownFileType = image.png; path = level_bravo_0013.png; sourceTree = "<group>"; };
		15442CE520D92C9A00DB7488 /* level_bravo_0005.png */ = {isa = PBXFileReference; lastKnownFileType = image.png; path = level_bravo_0005.png; sourceTree = "<group>"; };
		15442CE620D92C9A00DB7488 /* level_bravo_0011.png */ = {isa = PBXFileReference; lastKnownFileType = image.png; path = level_bravo_0011.png; sourceTree = "<group>"; };
		15442CE720D92C9A00DB7488 /* level_bravo_0010.png */ = {isa = PBXFileReference; lastKnownFileType = image.png; path = level_bravo_0010.png; sourceTree = "<group>"; };
		15442CE820D92C9A00DB7488 /* level_bravo_0004.png */ = {isa = PBXFileReference; lastKnownFileType = image.png; path = level_bravo_0004.png; sourceTree = "<group>"; };
		15442CE920D92C9A00DB7488 /* level_bravo_0021.png */ = {isa = PBXFileReference; lastKnownFileType = image.png; path = level_bravo_0021.png; sourceTree = "<group>"; };
		15442CEA20D92C9A00DB7488 /* level_bravo_0009.png */ = {isa = PBXFileReference; lastKnownFileType = image.png; path = level_bravo_0009.png; sourceTree = "<group>"; };
		15442CEB20D92C9A00DB7488 /* level_bravo_0008.png */ = {isa = PBXFileReference; lastKnownFileType = image.png; path = level_bravo_0008.png; sourceTree = "<group>"; };
		15442CEC20D92C9A00DB7488 /* level_bravo_0020.png */ = {isa = PBXFileReference; lastKnownFileType = image.png; path = level_bravo_0020.png; sourceTree = "<group>"; };
		15442CED20D92C9A00DB7488 /* level_bravo_0022.png */ = {isa = PBXFileReference; lastKnownFileType = image.png; path = level_bravo_0022.png; sourceTree = "<group>"; };
		15442CEE20D92C9A00DB7488 /* level_bravo_0023.png */ = {isa = PBXFileReference; lastKnownFileType = image.png; path = level_bravo_0023.png; sourceTree = "<group>"; };
		15442CEF20D92C9A00DB7488 /* level_bravo_0026.png */ = {isa = PBXFileReference; lastKnownFileType = image.png; path = level_bravo_0026.png; sourceTree = "<group>"; };
		15442CF020D92C9A00DB7488 /* level_bravo_0018.png */ = {isa = PBXFileReference; lastKnownFileType = image.png; path = level_bravo_0018.png; sourceTree = "<group>"; };
		15442CF120D92C9A00DB7488 /* level_bravo_0024.png */ = {isa = PBXFileReference; lastKnownFileType = image.png; path = level_bravo_0024.png; sourceTree = "<group>"; };
		15442CF220D92C9A00DB7488 /* level_bravo_0025.png */ = {isa = PBXFileReference; lastKnownFileType = image.png; path = level_bravo_0025.png; sourceTree = "<group>"; };
		15442CF320D92C9A00DB7488 /* level_bravo_0019.png */ = {isa = PBXFileReference; lastKnownFileType = image.png; path = level_bravo_0019.png; sourceTree = "<group>"; };
		15442CF520D92C9A00DB7488 /* frame-4.gif */ = {isa = PBXFileReference; lastKnownFileType = image.gif; path = "frame-4.gif"; sourceTree = "<group>"; };
		15442CF620D92C9A00DB7488 /* frame-2.gif */ = {isa = PBXFileReference; lastKnownFileType = image.gif; path = "frame-2.gif"; sourceTree = "<group>"; };
		15442CF720D92C9A00DB7488 /* frame-3.gif */ = {isa = PBXFileReference; lastKnownFileType = image.gif; path = "frame-3.gif"; sourceTree = "<group>"; };
		15442CF820D92C9A00DB7488 /* frame-1.gif */ = {isa = PBXFileReference; lastKnownFileType = image.gif; path = "frame-1.gif"; sourceTree = "<group>"; };
		15442CFA20D92C9A00DB7488 /* frame-03.gif */ = {isa = PBXFileReference; lastKnownFileType = image.gif; path = "frame-03.gif"; sourceTree = "<group>"; };
		15442CFB20D92C9A00DB7488 /* frame-17.gif */ = {isa = PBXFileReference; lastKnownFileType = image.gif; path = "frame-17.gif"; sourceTree = "<group>"; };
		15442CFC20D92C9A00DB7488 /* frame-16.gif */ = {isa = PBXFileReference; lastKnownFileType = image.gif; path = "frame-16.gif"; sourceTree = "<group>"; };
		15442CFD20D92C9A00DB7488 /* frame-02.gif */ = {isa = PBXFileReference; lastKnownFileType = image.gif; path = "frame-02.gif"; sourceTree = "<group>"; };
		15442CFE20D92C9A00DB7488 /* frame-14.gif */ = {isa = PBXFileReference; lastKnownFileType = image.gif; path = "frame-14.gif"; sourceTree = "<group>"; };
		15442CFF20D92C9A00DB7488 /* frame-01.gif */ = {isa = PBXFileReference; lastKnownFileType = image.gif; path = "frame-01.gif"; sourceTree = "<group>"; };
		15442D0020D92C9A00DB7488 /* frame-15.gif */ = {isa = PBXFileReference; lastKnownFileType = image.gif; path = "frame-15.gif"; sourceTree = "<group>"; };
		15442D0120D92C9A00DB7488 /* frame-11.gif */ = {isa = PBXFileReference; lastKnownFileType = image.gif; path = "frame-11.gif"; sourceTree = "<group>"; };
		15442D0220D92C9A00DB7488 /* frame-05.gif */ = {isa = PBXFileReference; lastKnownFileType = image.gif; path = "frame-05.gif"; sourceTree = "<group>"; };
		15442D0320D92C9A00DB7488 /* frame-04.gif */ = {isa = PBXFileReference; lastKnownFileType = image.gif; path = "frame-04.gif"; sourceTree = "<group>"; };
		15442D0420D92C9A00DB7488 /* frame-10.gif */ = {isa = PBXFileReference; lastKnownFileType = image.gif; path = "frame-10.gif"; sourceTree = "<group>"; };
		15442D0520D92C9A00DB7488 /* frame-06.gif */ = {isa = PBXFileReference; lastKnownFileType = image.gif; path = "frame-06.gif"; sourceTree = "<group>"; };
		15442D0620D92C9A00DB7488 /* frame-12.gif */ = {isa = PBXFileReference; lastKnownFileType = image.gif; path = "frame-12.gif"; sourceTree = "<group>"; };
		15442D0720D92C9A00DB7488 /* frame-13.gif */ = {isa = PBXFileReference; lastKnownFileType = image.gif; path = "frame-13.gif"; sourceTree = "<group>"; };
		15442D0820D92C9A00DB7488 /* frame-07.gif */ = {isa = PBXFileReference; lastKnownFileType = image.gif; path = "frame-07.gif"; sourceTree = "<group>"; };
		15442D0920D92C9A00DB7488 /* frame-22.gif */ = {isa = PBXFileReference; lastKnownFileType = image.gif; path = "frame-22.gif"; sourceTree = "<group>"; };
		15442D0A20D92C9A00DB7488 /* frame-09.gif */ = {isa = PBXFileReference; lastKnownFileType = image.gif; path = "frame-09.gif"; sourceTree = "<group>"; };
		15442D0B20D92C9A00DB7488 /* frame-21.gif */ = {isa = PBXFileReference; lastKnownFileType = image.gif; path = "frame-21.gif"; sourceTree = "<group>"; };
		15442D0C20D92C9A00DB7488 /* frame-20.gif */ = {isa = PBXFileReference; lastKnownFileType = image.gif; path = "frame-20.gif"; sourceTree = "<group>"; };
		15442D0D20D92C9A00DB7488 /* frame-08.gif */ = {isa = PBXFileReference; lastKnownFileType = image.gif; path = "frame-08.gif"; sourceTree = "<group>"; };
		15442D0E20D92C9A00DB7488 /* frame-18.gif */ = {isa = PBXFileReference; lastKnownFileType = image.gif; path = "frame-18.gif"; sourceTree = "<group>"; };
		15442D0F20D92C9A00DB7488 /* frame-19.gif */ = {isa = PBXFileReference; lastKnownFileType = image.gif; path = "frame-19.gif"; sourceTree = "<group>"; };
		15442D1120D92C9A00DB7488 /* frame-03.gif */ = {isa = PBXFileReference; lastKnownFileType = image.gif; path = "frame-03.gif"; sourceTree = "<group>"; };
		15442D1220D92C9A00DB7488 /* frame-17.gif */ = {isa = PBXFileReference; lastKnownFileType = image.gif; path = "frame-17.gif"; sourceTree = "<group>"; };
		15442D1320D92C9A00DB7488 /* frame-16.gif */ = {isa = PBXFileReference; lastKnownFileType = image.gif; path = "frame-16.gif"; sourceTree = "<group>"; };
		15442D1420D92C9A00DB7488 /* frame-02.gif */ = {isa = PBXFileReference; lastKnownFileType = image.gif; path = "frame-02.gif"; sourceTree = "<group>"; };
		15442D1520D92C9A00DB7488 /* frame-14.gif */ = {isa = PBXFileReference; lastKnownFileType = image.gif; path = "frame-14.gif"; sourceTree = "<group>"; };
		15442D1620D92C9A00DB7488 /* frame-01.gif */ = {isa = PBXFileReference; lastKnownFileType = image.gif; path = "frame-01.gif"; sourceTree = "<group>"; };
		15442D1720D92C9A00DB7488 /* frame-15.gif */ = {isa = PBXFileReference; lastKnownFileType = image.gif; path = "frame-15.gif"; sourceTree = "<group>"; };
		15442D1820D92C9A00DB7488 /* frame-11.gif */ = {isa = PBXFileReference; lastKnownFileType = image.gif; path = "frame-11.gif"; sourceTree = "<group>"; };
		15442D1920D92C9A00DB7488 /* frame-05.gif */ = {isa = PBXFileReference; lastKnownFileType = image.gif; path = "frame-05.gif"; sourceTree = "<group>"; };
		15442D1A20D92C9A00DB7488 /* frame-04.gif */ = {isa = PBXFileReference; lastKnownFileType = image.gif; path = "frame-04.gif"; sourceTree = "<group>"; };
		15442D1B20D92C9A00DB7488 /* frame-10.gif */ = {isa = PBXFileReference; lastKnownFileType = image.gif; path = "frame-10.gif"; sourceTree = "<group>"; };
		15442D1C20D92C9A00DB7488 /* frame-06.gif */ = {isa = PBXFileReference; lastKnownFileType = image.gif; path = "frame-06.gif"; sourceTree = "<group>"; };
		15442D1D20D92C9A00DB7488 /* frame-12.gif */ = {isa = PBXFileReference; lastKnownFileType = image.gif; path = "frame-12.gif"; sourceTree = "<group>"; };
		15442D1E20D92C9A00DB7488 /* frame-13.gif */ = {isa = PBXFileReference; lastKnownFileType = image.gif; path = "frame-13.gif"; sourceTree = "<group>"; };
		15442D1F20D92C9A00DB7488 /* frame-07.gif */ = {isa = PBXFileReference; lastKnownFileType = image.gif; path = "frame-07.gif"; sourceTree = "<group>"; };
		15442D2020D92C9A00DB7488 /* frame-22.gif */ = {isa = PBXFileReference; lastKnownFileType = image.gif; path = "frame-22.gif"; sourceTree = "<group>"; };
		15442D2120D92C9A00DB7488 /* frame-23.gif */ = {isa = PBXFileReference; lastKnownFileType = image.gif; path = "frame-23.gif"; sourceTree = "<group>"; };
		15442D2220D92C9A00DB7488 /* frame-09.gif */ = {isa = PBXFileReference; lastKnownFileType = image.gif; path = "frame-09.gif"; sourceTree = "<group>"; };
		15442D2320D92C9A00DB7488 /* frame-21.gif */ = {isa = PBXFileReference; lastKnownFileType = image.gif; path = "frame-21.gif"; sourceTree = "<group>"; };
		15442D2420D92C9A00DB7488 /* frame-20.gif */ = {isa = PBXFileReference; lastKnownFileType = image.gif; path = "frame-20.gif"; sourceTree = "<group>"; };
		15442D2520D92C9A00DB7488 /* frame-08.gif */ = {isa = PBXFileReference; lastKnownFileType = image.gif; path = "frame-08.gif"; sourceTree = "<group>"; };
		15442D2620D92C9A00DB7488 /* frame-24.gif */ = {isa = PBXFileReference; lastKnownFileType = image.gif; path = "frame-24.gif"; sourceTree = "<group>"; };
		15442D2720D92C9A00DB7488 /* frame-18.gif */ = {isa = PBXFileReference; lastKnownFileType = image.gif; path = "frame-18.gif"; sourceTree = "<group>"; };
		15442D2820D92C9A00DB7488 /* frame-19.gif */ = {isa = PBXFileReference; lastKnownFileType = image.gif; path = "frame-19.gif"; sourceTree = "<group>"; };
		15442D2920D92C9A00DB7488 /* frame-25.gif */ = {isa = PBXFileReference; lastKnownFileType = image.gif; path = "frame-25.gif"; sourceTree = "<group>"; };
		15442D2A20D92C9A00DB7488 /* frame-27.gif */ = {isa = PBXFileReference; lastKnownFileType = image.gif; path = "frame-27.gif"; sourceTree = "<group>"; };
		15442D2B20D92C9A00DB7488 /* frame-26.gif */ = {isa = PBXFileReference; lastKnownFileType = image.gif; path = "frame-26.gif"; sourceTree = "<group>"; };
		F93BAC7D20D928FF00EEDB76 /* swiftGame.app */ = {isa = PBXFileReference; explicitFileType = wrapper.application; includeInIndex = 0; path = swiftGame.app; sourceTree = BUILT_PRODUCTS_DIR; };
		F93BAC8020D928FF00EEDB76 /* AppDelegate.swift */ = {isa = PBXFileReference; lastKnownFileType = sourcecode.swift; path = AppDelegate.swift; sourceTree = "<group>"; };
		F93BAC8220D928FF00EEDB76 /* GameScene.sks */ = {isa = PBXFileReference; lastKnownFileType = file.sks; path = GameScene.sks; sourceTree = "<group>"; };
		F93BAC8420D928FF00EEDB76 /* Actions.sks */ = {isa = PBXFileReference; lastKnownFileType = file.sks; path = Actions.sks; sourceTree = "<group>"; };
		F93BAC8620D928FF00EEDB76 /* GameScene.swift */ = {isa = PBXFileReference; lastKnownFileType = sourcecode.swift; path = GameScene.swift; sourceTree = "<group>"; };
		F93BAC8820D928FF00EEDB76 /* GameViewController.swift */ = {isa = PBXFileReference; lastKnownFileType = sourcecode.swift; path = GameViewController.swift; sourceTree = "<group>"; };
		F93BAC8B20D928FF00EEDB76 /* Base */ = {isa = PBXFileReference; lastKnownFileType = file.storyboard; name = Base; path = Base.lproj/Main.storyboard; sourceTree = "<group>"; };
		F93BAC8D20D9290000EEDB76 /* Assets.xcassets */ = {isa = PBXFileReference; lastKnownFileType = folder.assetcatalog; path = Assets.xcassets; sourceTree = "<group>"; };
		F93BAC9020D9290000EEDB76 /* Base */ = {isa = PBXFileReference; lastKnownFileType = file.storyboard; name = Base; path = Base.lproj/LaunchScreen.storyboard; sourceTree = "<group>"; };
		F93BAC9220D9290000EEDB76 /* Info.plist */ = {isa = PBXFileReference; lastKnownFileType = text.plist.xml; path = Info.plist; sourceTree = "<group>"; };
		F93BAC9820D92A9E00EEDB76 /* music.mp3 */ = {isa = PBXFileReference; lastKnownFileType = audio.mp3; path = music.mp3; sourceTree = "<group>"; };
/* End PBXFileReference section */

/* Begin PBXFrameworksBuildPhase section */
		F93BAC7A20D928FF00EEDB76 /* Frameworks */ = {
			isa = PBXFrameworksBuildPhase;
			buildActionMask = 2147483647;
			files = (
			);
			runOnlyForDeploymentPostprocessing = 0;
		};
/* End PBXFrameworksBuildPhase section */

/* Begin PBXGroup section */
		15442CD820D92C9A00DB7488 /* bravo */ = {
			isa = PBXGroup;
			children = (
				15442CD920D92C9A00DB7488 /* level_bravo_0000.png */,
				15442CDA20D92C9A00DB7488 /* level_bravo_0014.png */,
				15442CDB20D92C9A00DB7488 /* level_bravo_0015.png */,
				15442CDC20D92C9A00DB7488 /* level_bravo_0001.png */,
				15442CDD20D92C9A00DB7488 /* level_bravo_0017.png */,
				15442CDE20D92C9A00DB7488 /* level_bravo_0003.png */,
				15442CDF20D92C9A00DB7488 /* level_bravo_0002.png */,
				15442CE020D92C9A00DB7488 /* level_bravo_0016.png */,
				15442CE120D92C9A00DB7488 /* level_bravo_0012.png */,
				15442CE220D92C9A00DB7488 /* level_bravo_0006.png */,
				15442CE320D92C9A00DB7488 /* level_bravo_0007.png */,
				15442CE420D92C9A00DB7488 /* level_bravo_0013.png */,
				15442CE520D92C9A00DB7488 /* level_bravo_0005.png */,
				15442CE620D92C9A00DB7488 /* level_bravo_0011.png */,
				15442CE720D92C9A00DB7488 /* level_bravo_0010.png */,
				15442CE820D92C9A00DB7488 /* level_bravo_0004.png */,
				15442CE920D92C9A00DB7488 /* level_bravo_0021.png */,
				15442CEA20D92C9A00DB7488 /* level_bravo_0009.png */,
				15442CEB20D92C9A00DB7488 /* level_bravo_0008.png */,
				15442CEC20D92C9A00DB7488 /* level_bravo_0020.png */,
				15442CED20D92C9A00DB7488 /* level_bravo_0022.png */,
				15442CEE20D92C9A00DB7488 /* level_bravo_0023.png */,
				15442CEF20D92C9A00DB7488 /* level_bravo_0026.png */,
				15442CF020D92C9A00DB7488 /* level_bravo_0018.png */,
				15442CF120D92C9A00DB7488 /* level_bravo_0024.png */,
				15442CF220D92C9A00DB7488 /* level_bravo_0025.png */,
				15442CF320D92C9A00DB7488 /* level_bravo_0019.png */,
			);
			path = bravo;
			sourceTree = "<group>";
		};
		15442CF420D92C9A00DB7488 /* cagney_ko */ = {
			isa = PBXGroup;
			children = (
				15442CF520D92C9A00DB7488 /* frame-4.gif */,
				15442CF620D92C9A00DB7488 /* frame-2.gif */,
				15442CF720D92C9A00DB7488 /* frame-3.gif */,
				15442CF820D92C9A00DB7488 /* frame-1.gif */,
			);
			path = cagney_ko;
			sourceTree = "<group>";
		};
		15442CF920D92C9A00DB7488 /* cagney_second */ = {
			isa = PBXGroup;
			children = (
				15442CFA20D92C9A00DB7488 /* frame-03.gif */,
				15442CFB20D92C9A00DB7488 /* frame-17.gif */,
				15442CFC20D92C9A00DB7488 /* frame-16.gif */,
				15442CFD20D92C9A00DB7488 /* frame-02.gif */,
				15442CFE20D92C9A00DB7488 /* frame-14.gif */,
				15442CFF20D92C9A00DB7488 /* frame-01.gif */,
				15442D0020D92C9A00DB7488 /* frame-15.gif */,
				15442D0120D92C9A00DB7488 /* frame-11.gif */,
				15442D0220D92C9A00DB7488 /* frame-05.gif */,
				15442D0320D92C9A00DB7488 /* frame-04.gif */,
				15442D0420D92C9A00DB7488 /* frame-10.gif */,
				15442D0520D92C9A00DB7488 /* frame-06.gif */,
				15442D0620D92C9A00DB7488 /* frame-12.gif */,
				15442D0720D92C9A00DB7488 /* frame-13.gif */,
				15442D0820D92C9A00DB7488 /* frame-07.gif */,
				15442D0920D92C9A00DB7488 /* frame-22.gif */,
				15442D0A20D92C9A00DB7488 /* frame-09.gif */,
				15442D0B20D92C9A00DB7488 /* frame-21.gif */,
				15442D0C20D92C9A00DB7488 /* frame-20.gif */,
				15442D0D20D92C9A00DB7488 /* frame-08.gif */,
				15442D0E20D92C9A00DB7488 /* frame-18.gif */,
				15442D0F20D92C9A00DB7488 /* frame-19.gif */,
			);
			path = cagney_second;
			sourceTree = "<group>";
		};
		15442D1020D92C9A00DB7488 /* cagney_first */ = {
			isa = PBXGroup;
			children = (
				15442D1120D92C9A00DB7488 /* frame-03.gif */,
				15442D1220D92C9A00DB7488 /* frame-17.gif */,
				15442D1320D92C9A00DB7488 /* frame-16.gif */,
				15442D1420D92C9A00DB7488 /* frame-02.gif */,
				15442D1520D92C9A00DB7488 /* frame-14.gif */,
				15442D1620D92C9A00DB7488 /* frame-01.gif */,
				15442D1720D92C9A00DB7488 /* frame-15.gif */,
				15442D1820D92C9A00DB7488 /* frame-11.gif */,
				15442D1920D92C9A00DB7488 /* frame-05.gif */,
				15442D1A20D92C9A00DB7488 /* frame-04.gif */,
				15442D1B20D92C9A00DB7488 /* frame-10.gif */,
				15442D1C20D92C9A00DB7488 /* frame-06.gif */,
				15442D1D20D92C9A00DB7488 /* frame-12.gif */,
				15442D1E20D92C9A00DB7488 /* frame-13.gif */,
				15442D1F20D92C9A00DB7488 /* frame-07.gif */,
				15442D2020D92C9A00DB7488 /* frame-22.gif */,
				15442D2120D92C9A00DB7488 /* frame-23.gif */,
				15442D2220D92C9A00DB7488 /* frame-09.gif */,
				15442D2320D92C9A00DB7488 /* frame-21.gif */,
				15442D2420D92C9A00DB7488 /* frame-20.gif */,
				15442D2520D92C9A00DB7488 /* frame-08.gif */,
				15442D2620D92C9A00DB7488 /* frame-24.gif */,
				15442D2720D92C9A00DB7488 /* frame-18.gif */,
				15442D2820D92C9A00DB7488 /* frame-19.gif */,
				15442D2920D92C9A00DB7488 /* frame-25.gif */,
				15442D2A20D92C9A00DB7488 /* frame-27.gif */,
				15442D2B20D92C9A00DB7488 /* frame-26.gif */,
			);
			path = cagney_first;
			sourceTree = "<group>";
		};
		F93BAC7420D928FF00EEDB76 = {
			isa = PBXGroup;
			children = (
				F93BAC7F20D928FF00EEDB76 /* swiftGame */,
				F93BAC7E20D928FF00EEDB76 /* Products */,
			);
			sourceTree = "<group>";
		};
		F93BAC7E20D928FF00EEDB76 /* Products */ = {
			isa = PBXGroup;
			children = (
				F93BAC7D20D928FF00EEDB76 /* swiftGame.app */,
			);
			name = Products;
			sourceTree = "<group>";
		};
		F93BAC7F20D928FF00EEDB76 /* swiftGame */ = {
			isa = PBXGroup;
			children = (
				15442CD820D92C9A00DB7488 /* bravo */,
				15442D1020D92C9A00DB7488 /* cagney_first */,
				15442CF420D92C9A00DB7488 /* cagney_ko */,
				15442CF920D92C9A00DB7488 /* cagney_second */,
				F93BAC8020D928FF00EEDB76 /* AppDelegate.swift */,
				F93BAC8220D928FF00EEDB76 /* GameScene.sks */,
				F93BAC8420D928FF00EEDB76 /* Actions.sks */,
				F93BAC8620D928FF00EEDB76 /* GameScene.swift */,
				F93BAC8820D928FF00EEDB76 /* GameViewController.swift */,
				F93BAC8A20D928FF00EEDB76 /* Main.storyboard */,
				F93BAC8D20D9290000EEDB76 /* Assets.xcassets */,
				F93BAC8F20D9290000EEDB76 /* LaunchScreen.storyboard */,
				F93BAC9220D9290000EEDB76 /* Info.plist */,
				F93BAC9820D92A9E00EEDB76 /* music.mp3 */,
			);
			path = swiftGame;
			sourceTree = "<group>";
		};
/* End PBXGroup section */

/* Begin PBXNativeTarget section */
		F93BAC7C20D928FF00EEDB76 /* swiftGame */ = {
			isa = PBXNativeTarget;
			buildConfigurationList = F93BAC9520D9290000EEDB76 /* Build configuration list for PBXNativeTarget "swiftGame" */;
			buildPhases = (
				F93BAC7920D928FF00EEDB76 /* Sources */,
				F93BAC7A20D928FF00EEDB76 /* Frameworks */,
				F93BAC7B20D928FF00EEDB76 /* Resources */,
			);
			buildRules = (
			);
			dependencies = (
			);
			name = swiftGame;
			productName = swiftGame;
			productReference = F93BAC7D20D928FF00EEDB76 /* swiftGame.app */;
			productType = "com.apple.product-type.application";
		};
/* End PBXNativeTarget section */

/* Begin PBXProject section */
		F93BAC7520D928FF00EEDB76 /* Project object */ = {
			isa = PBXProject;
			attributes = {
				LastSwiftUpdateCheck = 0940;
				LastUpgradeCheck = 0940;
				ORGANIZATIONNAME = Julien;
				TargetAttributes = {
					F93BAC7C20D928FF00EEDB76 = {
						CreatedOnToolsVersion = 9.4.1;
					};
				};
			};
			buildConfigurationList = F93BAC7820D928FF00EEDB76 /* Build configuration list for PBXProject "swiftGame" */;
			compatibilityVersion = "Xcode 9.3";
			developmentRegion = en;
			hasScannedForEncodings = 0;
			knownRegions = (
				en,
				Base,
			);
			mainGroup = F93BAC7420D928FF00EEDB76;
			productRefGroup = F93BAC7E20D928FF00EEDB76 /* Products */;
			projectDirPath = "";
			projectRoot = "";
			targets = (
				F93BAC7C20D928FF00EEDB76 /* swiftGame */,
			);
		};
/* End PBXProject section */

/* Begin PBXResourcesBuildPhase section */
		F93BAC7B20D928FF00EEDB76 /* Resources */ = {
			isa = PBXResourcesBuildPhase;
			buildActionMask = 2147483647;
			files = (
				15442D3D20D92C9A00DB7488 /* level_bravo_0009.png in Resources */,
				15442D7720D92C9A00DB7488 /* frame-18.gif in Resources */,
				15442D6320D92C9A00DB7488 /* frame-16.gif in Resources */,
				15442D3620D92C9A00DB7488 /* level_bravo_0007.png in Resources */,
				15442D7020D92C9A00DB7488 /* frame-22.gif in Resources */,
				15442D6D20D92C9A00DB7488 /* frame-12.gif in Resources */,
				15442D6420D92C9A00DB7488 /* frame-02.gif in Resources */,
				15442D3920D92C9A00DB7488 /* level_bravo_0011.png in Resources */,
				15442D6120D92C9A00DB7488 /* frame-03.gif in Resources */,
				15442D6F20D92C9A00DB7488 /* frame-07.gif in Resources */,
				15442D6720D92C9A00DB7488 /* frame-15.gif in Resources */,
				15442D5220D92C9A00DB7488 /* frame-11.gif in Resources */,
				15442D4F20D92C9A00DB7488 /* frame-14.gif in Resources */,
				15442D7A20D92C9A00DB7488 /* frame-27.gif in Resources */,
				15442D7620D92C9A00DB7488 /* frame-24.gif in Resources */,
				15442D4A20D92C9A00DB7488 /* frame-1.gif in Resources */,
				15442D7120D92C9A00DB7488 /* frame-23.gif in Resources */,
				15442D2E20D92C9A00DB7488 /* level_bravo_0015.png in Resources */,
				15442D5120D92C9A00DB7488 /* frame-15.gif in Resources */,
				15442D6220D92C9A00DB7488 /* frame-17.gif in Resources */,
				15442D7220D92C9A00DB7488 /* frame-09.gif in Resources */,
				15442D6920D92C9A00DB7488 /* frame-05.gif in Resources */,
				15442D5A20D92C9A00DB7488 /* frame-22.gif in Resources */,
				15442D6520D92C9A00DB7488 /* frame-14.gif in Resources */,
				F93BAC8C20D928FF00EEDB76 /* Main.storyboard in Resources */,
				15442D5520D92C9A00DB7488 /* frame-10.gif in Resources */,
				15442D3C20D92C9A00DB7488 /* level_bravo_0021.png in Resources */,
				15442D4320D92C9A00DB7488 /* level_bravo_0018.png in Resources */,
				15442D3020D92C9A00DB7488 /* level_bravo_0017.png in Resources */,
				15442D3B20D92C9A00DB7488 /* level_bravo_0004.png in Resources */,
				15442D4620D92C9A00DB7488 /* level_bravo_0019.png in Resources */,
				15442D5420D92C9A00DB7488 /* frame-04.gif in Resources */,
				F93BAC8320D928FF00EEDB76 /* GameScene.sks in Resources */,
				F93BAC9920D92A9E00EEDB76 /* music.mp3 in Resources */,
				15442D4B20D92C9A00DB7488 /* frame-03.gif in Resources */,
				F93BAC8E20D9290000EEDB76 /* Assets.xcassets in Resources */,
				15442D4C20D92C9A00DB7488 /* frame-17.gif in Resources */,
				15442D3420D92C9A00DB7488 /* level_bravo_0012.png in Resources */,
				15442D3120D92C9A00DB7488 /* level_bravo_0003.png in Resources */,
				15442D3720D92C9A00DB7488 /* level_bravo_0013.png in Resources */,
				15442D5020D92C9A00DB7488 /* frame-01.gif in Resources */,
				15442D7820D92C9A00DB7488 /* frame-19.gif in Resources */,
				15442D6B20D92C9A00DB7488 /* frame-10.gif in Resources */,
				15442D2D20D92C9A00DB7488 /* level_bravo_0014.png in Resources */,
				15442D3A20D92C9A00DB7488 /* level_bravo_0010.png in Resources */,
				15442D6020D92C9A00DB7488 /* frame-19.gif in Resources */,
				15442D5C20D92C9A00DB7488 /* frame-21.gif in Resources */,
				15442D6E20D92C9A00DB7488 /* frame-13.gif in Resources */,
				15442D4120D92C9A00DB7488 /* level_bravo_0023.png in Resources */,
				15442D7320D92C9A00DB7488 /* frame-21.gif in Resources */,
				15442D3320D92C9A00DB7488 /* level_bravo_0016.png in Resources */,
				15442D5320D92C9A00DB7488 /* frame-05.gif in Resources */,
				15442D7520D92C9A00DB7488 /* frame-08.gif in Resources */,
				15442D6620D92C9A00DB7488 /* frame-01.gif in Resources */,
				15442D5820D92C9A00DB7488 /* frame-13.gif in Resources */,
				15442D5920D92C9A00DB7488 /* frame-07.gif in Resources */,
				15442D5D20D92C9A00DB7488 /* frame-20.gif in Resources */,
				15442D4D20D92C9A00DB7488 /* frame-16.gif in Resources */,
				15442D2F20D92C9A00DB7488 /* level_bravo_0001.png in Resources */,
				15442D4020D92C9A00DB7488 /* level_bravo_0022.png in Resources */,
				15442D5720D92C9A00DB7488 /* frame-12.gif in Resources */,
				15442D3220D92C9A00DB7488 /* level_bravo_0002.png in Resources */,
				15442D7420D92C9A00DB7488 /* frame-20.gif in Resources */,
				F93BAC9120D9290000EEDB76 /* LaunchScreen.storyboard in Resources */,
				15442D7920D92C9A00DB7488 /* frame-25.gif in Resources */,
				15442D5B20D92C9A00DB7488 /* frame-09.gif in Resources */,
				15442D3520D92C9A00DB7488 /* level_bravo_0006.png in Resources */,
				15442D5620D92C9A00DB7488 /* frame-06.gif in Resources */,
				15442D3F20D92C9A00DB7488 /* level_bravo_0020.png in Resources */,
				15442D6A20D92C9A00DB7488 /* frame-04.gif in Resources */,
				15442D3E20D92C9A00DB7488 /* level_bravo_0008.png in Resources */,
				15442D4220D92C9A00DB7488 /* level_bravo_0026.png in Resources */,
				15442D4420D92C9A00DB7488 /* level_bravo_0024.png in Resources */,
				15442D4720D92C9A00DB7488 /* frame-4.gif in Resources */,
				15442D6820D92C9A00DB7488 /* frame-11.gif in Resources */,
				F93BAC8520D928FF00EEDB76 /* Actions.sks in Resources */,
				15442D4820D92C9A00DB7488 /* frame-2.gif in Resources */,
				15442D6C20D92C9A00DB7488 /* frame-06.gif in Resources */,
				15442D5E20D92C9A00DB7488 /* frame-08.gif in Resources */,
				15442D2C20D92C9A00DB7488 /* level_bravo_0000.png in Resources */,
				15442D5F20D92C9A00DB7488 /* frame-18.gif in Resources */,
				15442D4520D92C9A00DB7488 /* level_bravo_0025.png in Resources */,
				15442D7B20D92C9A00DB7488 /* frame-26.gif in Resources */,
				15442D4920D92C9A00DB7488 /* frame-3.gif in Resources */,
				15442D3820D92C9A00DB7488 /* level_bravo_0005.png in Resources */,
				15442D4E20D92C9A00DB7488 /* frame-02.gif in Resources */,
			);
			runOnlyForDeploymentPostprocessing = 0;
		};
/* End PBXResourcesBuildPhase section */

/* Begin PBXSourcesBuildPhase section */
		F93BAC7920D928FF00EEDB76 /* Sources */ = {
			isa = PBXSourcesBuildPhase;
			buildActionMask = 2147483647;
			files = (
				F93BAC8720D928FF00EEDB76 /* GameScene.swift in Sources */,
				F93BAC8920D928FF00EEDB76 /* GameViewController.swift in Sources */,
				F93BAC8120D928FF00EEDB76 /* AppDelegate.swift in Sources */,
			);
			runOnlyForDeploymentPostprocessing = 0;
		};
/* End PBXSourcesBuildPhase section */

/* Begin PBXVariantGroup section */
		F93BAC8A20D928FF00EEDB76 /* Main.storyboard */ = {
			isa = PBXVariantGroup;
			children = (
				F93BAC8B20D928FF00EEDB76 /* Base */,
			);
			name = Main.storyboard;
			sourceTree = "<group>";
		};
		F93BAC8F20D9290000EEDB76 /* LaunchScreen.storyboard */ = {
			isa = PBXVariantGroup;
			children = (
				F93BAC9020D9290000EEDB76 /* Base */,
			);
			name = LaunchScreen.storyboard;
			sourceTree = "<group>";
		};
/* End PBXVariantGroup section */

/* Begin XCBuildConfiguration section */
		F93BAC9320D9290000EEDB76 /* Debug */ = {
			isa = XCBuildConfiguration;
			buildSettings = {
				ALWAYS_SEARCH_USER_PATHS = NO;
				CLANG_ANALYZER_NONNULL = YES;
				CLANG_ANALYZER_NUMBER_OBJECT_CONVERSION = YES_AGGRESSIVE;
				CLANG_CXX_LANGUAGE_STANDARD = "gnu++14";
				CLANG_CXX_LIBRARY = "libc++";
				CLANG_ENABLE_MODULES = YES;
				CLANG_ENABLE_OBJC_ARC = YES;
				CLANG_ENABLE_OBJC_WEAK = YES;
				CLANG_WARN_BLOCK_CAPTURE_AUTORELEASING = YES;
				CLANG_WARN_BOOL_CONVERSION = YES;
				CLANG_WARN_COMMA = YES;
				CLANG_WARN_CONSTANT_CONVERSION = YES;
				CLANG_WARN_DEPRECATED_OBJC_IMPLEMENTATIONS = YES;
				CLANG_WARN_DIRECT_OBJC_ISA_USAGE = YES_ERROR;
				CLANG_WARN_DOCUMENTATION_COMMENTS = YES;
				CLANG_WARN_EMPTY_BODY = YES;
				CLANG_WARN_ENUM_CONVERSION = YES;
				CLANG_WARN_INFINITE_RECURSION = YES;
				CLANG_WARN_INT_CONVERSION = YES;
				CLANG_WARN_NON_LITERAL_NULL_CONVERSION = YES;
				CLANG_WARN_OBJC_IMPLICIT_RETAIN_SELF = YES;
				CLANG_WARN_OBJC_LITERAL_CONVERSION = YES;
				CLANG_WARN_OBJC_ROOT_CLASS = YES_ERROR;
				CLANG_WARN_RANGE_LOOP_ANALYSIS = YES;
				CLANG_WARN_STRICT_PROTOTYPES = YES;
				CLANG_WARN_SUSPICIOUS_MOVE = YES;
				CLANG_WARN_UNGUARDED_AVAILABILITY = YES_AGGRESSIVE;
				CLANG_WARN_UNREACHABLE_CODE = YES;
				CLANG_WARN__DUPLICATE_METHOD_MATCH = YES;
				CODE_SIGN_IDENTITY = "iPhone Developer";
				COPY_PHASE_STRIP = NO;
				DEBUG_INFORMATION_FORMAT = dwarf;
				ENABLE_STRICT_OBJC_MSGSEND = YES;
				ENABLE_TESTABILITY = YES;
				GCC_C_LANGUAGE_STANDARD = gnu11;
				GCC_DYNAMIC_NO_PIC = NO;
				GCC_NO_COMMON_BLOCKS = YES;
				GCC_OPTIMIZATION_LEVEL = 0;
				GCC_PREPROCESSOR_DEFINITIONS = (
					"DEBUG=1",
					"$(inherited)",
				);
				GCC_WARN_64_TO_32_BIT_CONVERSION = YES;
				GCC_WARN_ABOUT_RETURN_TYPE = YES_ERROR;
				GCC_WARN_UNDECLARED_SELECTOR = YES;
				GCC_WARN_UNINITIALIZED_AUTOS = YES_AGGRESSIVE;
				GCC_WARN_UNUSED_FUNCTION = YES;
				GCC_WARN_UNUSED_VARIABLE = YES;
				IPHONEOS_DEPLOYMENT_TARGET = 11.4;
				MTL_ENABLE_DEBUG_INFO = YES;
				ONLY_ACTIVE_ARCH = YES;
				SDKROOT = iphoneos;
				SWIFT_ACTIVE_COMPILATION_CONDITIONS = DEBUG;
				SWIFT_OPTIMIZATION_LEVEL = "-Onone";
			};
			name = Debug;
		};
		F93BAC9420D9290000EEDB76 /* Release */ = {
			isa = XCBuildConfiguration;
			buildSettings = {
				ALWAYS_SEARCH_USER_PATHS = NO;
				CLANG_ANALYZER_NONNULL = YES;
				CLANG_ANALYZER_NUMBER_OBJECT_CONVERSION = YES_AGGRESSIVE;
				CLANG_CXX_LANGUAGE_STANDARD = "gnu++14";
				CLANG_CXX_LIBRARY = "libc++";
				CLANG_ENABLE_MODULES = YES;
				CLANG_ENABLE_OBJC_ARC = YES;
				CLANG_ENABLE_OBJC_WEAK = YES;
				CLANG_WARN_BLOCK_CAPTURE_AUTORELEASING = YES;
				CLANG_WARN_BOOL_CONVERSION = YES;
				CLANG_WARN_COMMA = YES;
				CLANG_WARN_CONSTANT_CONVERSION = YES;
				CLANG_WARN_DEPRECATED_OBJC_IMPLEMENTATIONS = YES;
				CLANG_WARN_DIRECT_OBJC_ISA_USAGE = YES_ERROR;
				CLANG_WARN_DOCUMENTATION_COMMENTS = YES;
				CLANG_WARN_EMPTY_BODY = YES;
				CLANG_WARN_ENUM_CONVERSION = YES;
				CLANG_WARN_INFINITE_RECURSION = YES;
				CLANG_WARN_INT_CONVERSION = YES;
				CLANG_WARN_NON_LITERAL_NULL_CONVERSION = YES;
				CLANG_WARN_OBJC_IMPLICIT_RETAIN_SELF = YES;
				CLANG_WARN_OBJC_LITERAL_CONVERSION = YES;
				CLANG_WARN_OBJC_ROOT_CLASS = YES_ERROR;
				CLANG_WARN_RANGE_LOOP_ANALYSIS = YES;
				CLANG_WARN_STRICT_PROTOTYPES = YES;
				CLANG_WARN_SUSPICIOUS_MOVE = YES;
				CLANG_WARN_UNGUARDED_AVAILABILITY = YES_AGGRESSIVE;
				CLANG_WARN_UNREACHABLE_CODE = YES;
				CLANG_WARN__DUPLICATE_METHOD_MATCH = YES;
				CODE_SIGN_IDENTITY = "iPhone Developer";
				COPY_PHASE_STRIP = NO;
				DEBUG_INFORMATION_FORMAT = "dwarf-with-dsym";
				ENABLE_NS_ASSERTIONS = NO;
				ENABLE_STRICT_OBJC_MSGSEND = YES;
				GCC_C_LANGUAGE_STANDARD = gnu11;
				GCC_NO_COMMON_BLOCKS = YES;
				GCC_WARN_64_TO_32_BIT_CONVERSION = YES;
				GCC_WARN_ABOUT_RETURN_TYPE = YES_ERROR;
				GCC_WARN_UNDECLARED_SELECTOR = YES;
				GCC_WARN_UNINITIALIZED_AUTOS = YES_AGGRESSIVE;
				GCC_WARN_UNUSED_FUNCTION = YES;
				GCC_WARN_UNUSED_VARIABLE = YES;
				IPHONEOS_DEPLOYMENT_TARGET = 11.4;
				MTL_ENABLE_DEBUG_INFO = NO;
				SDKROOT = iphoneos;
				SWIFT_COMPILATION_MODE = wholemodule;
				SWIFT_OPTIMIZATION_LEVEL = "-O";
				VALIDATE_PRODUCT = YES;
			};
			name = Release;
		};
		F93BAC9620D9290000EEDB76 /* Debug */ = {
			isa = XCBuildConfiguration;
			buildSettings = {
				ASSETCATALOG_COMPILER_APPICON_NAME = AppIcon;
				CODE_SIGN_STYLE = Automatic;
				DEVELOPMENT_TEAM = ABN3JCH3Q3;
				INFOPLIST_FILE = swiftGame/Info.plist;
				LD_RUNPATH_SEARCH_PATHS = (
					"$(inherited)",
					"@executable_path/Frameworks",
				);
				PRODUCT_BUNDLE_IDENTIFIER = com.julien.swiftGame;
				PRODUCT_NAME = "$(TARGET_NAME)";
				SWIFT_VERSION = 4.0;
				TARGETED_DEVICE_FAMILY = "1,2";
			};
			name = Debug;
		};
		F93BAC9720D9290000EEDB76 /* Release */ = {
			isa = XCBuildConfiguration;
			buildSettings = {
				ASSETCATALOG_COMPILER_APPICON_NAME = AppIcon;
				CODE_SIGN_STYLE = Automatic;
				DEVELOPMENT_TEAM = ABN3JCH3Q3;
				INFOPLIST_FILE = swiftGame/Info.plist;
				LD_RUNPATH_SEARCH_PATHS = (
					"$(inherited)",
					"@executable_path/Frameworks",
				);
				PRODUCT_BUNDLE_IDENTIFIER = com.julien.swiftGame;
				PRODUCT_NAME = "$(TARGET_NAME)";
				SWIFT_VERSION = 4.0;
				TARGETED_DEVICE_FAMILY = "1,2";
			};
			name = Release;
		};
/* End XCBuildConfiguration section */

/* Begin XCConfigurationList section */
		F93BAC7820D928FF00EEDB76 /* Build configuration list for PBXProject "swiftGame" */ = {
			isa = XCConfigurationList;
			buildConfigurations = (
				F93BAC9320D9290000EEDB76 /* Debug */,
				F93BAC9420D9290000EEDB76 /* Release */,
			);
			defaultConfigurationIsVisible = 0;
			defaultConfigurationName = Release;
		};
		F93BAC9520D9290000EEDB76 /* Build configuration list for PBXNativeTarget "swiftGame" */ = {
			isa = XCConfigurationList;
			buildConfigurations = (
				F93BAC9620D9290000EEDB76 /* Debug */,
				F93BAC9720D9290000EEDB76 /* Release */,
			);
			defaultConfigurationIsVisible = 0;
			defaultConfigurationName = Release;
		};
/* End XCConfigurationList section */
	};
	rootObject = F93BAC7520D928FF00EEDB76 /* Project object */;
}
